{
  "name": "updater-real-cli-fixture",
  "version": "1.0.0",
  "lockfileVersion": 3,
  "requires": true,
  "packages": {
    "": {
      "name": "updater-real-cli-fixture",
      "version": "1.0.0",
      "dependencies": {
        "@anthropic-ai/claude-code": "2.1.251",
        "@github/copilot": "1.0.83"
      }
    },
    "node_modules/@anthropic-ai/claude-code": {
      "version": "2.1.251",
      "integrity": "sha1-bJ2T40JEGGeDxdz9aGBbDQxuFvc=",
      "hasInstallScript": true,
      "license": "SEE LICENSE IN README.md",
      "bin": {
        "claude": "bin/claude.exe"
      },
      "engines": {
        "node": ">=22.0.0"
      },
      "optionalDependencies": {
        "@anthropic-ai/claude-code-darwin-arm64": "2.1.251",
        "@anthropic-ai/claude-code-darwin-x64": "2.1.251",
        "@anthropic-ai/claude-code-linux-arm64": "2.1.251",
        "@anthropic-ai/claude-code-linux-arm64-musl": "2.1.251",
        "@anthropic-ai/claude-code-linux-x64": "2.1.251",
        "@anthropic-ai/claude-code-linux-x64-musl": "2.1.251",
        "@anthropic-ai/claude-code-win32-arm64": "2.1.251",
        "@anthropic-ai/claude-code-win32-x64": "2.1.251"
      }
    },
    "node_modules/@anthropic-ai/claude-code-darwin-arm64": {
      "version": "2.1.251",
      "integrity": "sha1-nbWZg29nw3iHDETjfuRUbi28+3o=",
      "cpu": [
        "arm64"
      ],
      "license": "SEE LICENSE IN LICENSE.md",
      "optional": true,
      "os": [
        "darwin"
      ]
    },
    "node_modules/@anthropic-ai/claude-code-darwin-x64": {
      "version": "2.1.251",
      "integrity": "sha1-RcMGYhBB/YOO49iYvdyniHVZF9U=",
      "cpu": [
        "x64"
      ],
      "license": "SEE LICENSE IN LICENSE.md",
      "optional": true,
      "os": [
        "darwin"
      ]
    },
    "node_modules/@anthropic-ai/claude-code-linux-arm64": {
      "version": "2.1.251",
      "integrity": "sha1-3AQ2O00wO91bL2YJQdKV4AUukZA=",
      "cpu": [
        "arm64"
      ],
      "libc": [
        "glibc"
      ],
      "license": "SEE LICENSE IN LICENSE.md",
      "optional": true,
      "os": [
        "linux"
      ]
    },
    "node_modules/@anthropic-ai/claude-code-linux-arm64-musl": {
      "version": "2.1.251",
      "integrity": "sha1-m2JpVoPbuZBRB5G0uLgZY1qP7uU=",
      "cpu": [
        "arm64"
      ],
      "libc": [
        "musl"
      ],
      "license": "SEE LICENSE IN LICENSE.md",
      "optional": true,
      "os": [
        "linux"
      ]
    },
    "node_modules/@anthropic-ai/claude-code-linux-x64": {
      "version": "2.1.251",
      "integrity": "sha1-UKaU9rdG7lObUKZYsR/OnxtkDRM=",
      "cpu": [
        "x64"
      ],
      "libc": [
        "glibc"
      ],
      "license": "SEE LICENSE IN LICENSE.md",
      "optional": true,
      "os": [
        "linux"
      ]
    },
    "node_modules/@anthropic-ai/claude-code-linux-x64-musl": {
      "version": "2.1.251",
      "integrity": "sha1-68buoUbWWcqKlEYk32AnfjJxLlo=",
      "cpu": [
        "x64"
      ],
      "libc": [
        "musl"
      ],
      "license": "SEE LICENSE IN LICENSE.md",
      "optional": true,
      "os": [
        "linux"
      ]
    },
    "node_modules/@anthropic-ai/claude-code-win32-arm64": {
      "version": "2.1.251",
      "integrity": "sha1-zfU9e8OW6/GI8h9qIM3fMPMArsw=",
      "cpu": [
        "arm64"
      ],
      "license": "SEE LICENSE IN LICENSE.md",
      "optional": true,
      "os": [
        "win32"
      ]
    },
    "node_modules/@anthropic-ai/claude-code-win32-x64": {
      "version": "2.1.251",
      "integrity": "sha1-1veNdv3CrE1MglN9robTC4ZUihw=",
      "cpu": [
        "x64"
      ],
      "license": "SEE LICENSE IN LICENSE.md",
      "optional": true,
      "os": [
        "win32"
      ]
    },
    "node_modules/@github/copilot": {
      "version": "1.0.83",
      "integrity": "sha1-FBiZC6L4EdRcBOx05N4+NSsW4ck=",
      "license": "SEE LICENSE IN LICENSE.md",
      "dependencies": {
        "detect-libc": "^2.1.2"
      },
      "bin": {
        "copilot": "npm-loader.js"
      },
      "optionalDependencies": {
        "@github/copilot-darwin-arm64": "1.0.83",
        "@github/copilot-darwin-x64": "1.0.83",
        "@github/copilot-linux-arm64": "1.0.83",
        "@github/copilot-linux-x64": "1.0.83",
        "@github/copilot-linuxmusl-arm64": "1.0.83",
        "@github/copilot-linuxmusl-x64": "1.0.83",
        "@github/copilot-win32-arm64": "1.0.83",
        "@github/copilot-win32-x64": "1.0.83"
      }
    },
    "node_modules/@github/copilot-darwin-arm64": {
      "version": "1.0.83",
      "integrity": "sha1-i49no46JO2HmzvnAEab+Itj9zU0=",
      "cpu": [
        "arm64"
      ],
      "license": "SEE LICENSE IN LICENSE.md",
      "optional": true,
      "os": [
        "darwin"
      ],
      "bin": {
        "copilot-darwin-arm64": "copilot"
      }
    },
    "node_modules/@github/copilot-darwin-x64": {
      "version": "1.0.83",
      "integrity": "sha1-KZWTpkB3bRtefcMFByxZyv07kLI=",
      "cpu": [
        "x64"
      ],
      "license": "SEE LICENSE IN LICENSE.md",
      "optional": true,
      "os": [
        "darwin"
      ],
      "bin": {
        "copilot-darwin-x64": "copilot"
      }
    },
    "node_modules/@github/copilot-linux-arm64": {
      "version": "1.0.83",
      "integrity": "sha1-D9reInFsHA+ooAuK+HPWNWzuf9Q=",
      "cpu": [
        "arm64"
      ],
      "libc": [
        "glibc"
      ],
      "license": "SEE LICENSE IN LICENSE.md",
      "optional": true,
      "os": [
        "linux"
      ],
      "bin": {
        "copilot-linux-arm64": "copilot"
      }
    },
    "node_modules/@github/copilot-linux-x64": {
      "version": "1.0.83",
      "integrity": "sha1-bxHTG5dOYM+NYOzblJhRtuRny7E=",
      "cpu": [
        "x64"
      ],
      "libc": [
        "glibc"
      ],
      "license": "SEE LICENSE IN LICENSE.md",
      "optional": true,
      "os": [
        "linux"
      ],
      "bin": {
        "copilot-linux-x64": "copilot"
      }
    },
    "node_modules/@github/copilot-linuxmusl-arm64": {
      "version": "1.0.83",
      "integrity": "sha1-PIrhIxWTRKlgJNDEI4GIcEp7tEg=",
      "cpu": [
        "arm64"
      ],
      "libc": [
        "musl"
      ],
      "license": "SEE LICENSE IN LICENSE.md",
      "optional": true,
      "os": [
        "linux"
      ],
      "bin": {
        "copilot-linuxmusl-arm64": "copilot"
      }
    },
    "node_modules/@github/copilot-linuxmusl-x64": {
      "version": "1.0.83",
      "integrity": "sha1-UKNz2pGU9XlfTKkJjuhi7STud1A=",
      "cpu": [
        "x64"
      ],
      "libc": [
        "musl"
      ],
      "license": "SEE LICENSE IN LICENSE.md",
      "optional": true,
      "os": [
        "linux"
      ],
      "bin": {
        "copilot-linuxmusl-x64": "copilot"
      }
    },
    "node_modules/@github/copilot-win32-arm64": {
      "version": "1.0.83",
      "integrity": "sha1-klF6m0aNDUC1tL4OyFM0QjiPVR8=",
      "cpu": [
        "arm64"
      ],
      "license": "SEE LICENSE IN LICENSE.md",
      "optional": true,
      "os": [
        "win32"
      ],
      "bin": {
        "copilot-win32-arm64": "copilot.exe"
      }
    },
    "node_modules/@github/copilot-win32-x64": {
      "version": "1.0.83",
      "integrity": "sha1-feF5VTs76SJxfNxq1DbNo2wZCEo=",
      "cpu": [
        "x64"
      ],
      "license": "SEE LICENSE IN LICENSE.md",
      "optional": true,
      "os": [
        "win32"
      ],
      "bin": {
        "copilot-win32-x64": "copilot.exe"
      }
    },
    "node_modules/detect-libc": {
      "version": "2.1.2",
      "integrity": "sha1-aJxdzcGQDvVYOky59te0c3QgdK0=",
      "license": "Apache-2.0",
      "engines": {
        "node": ">=8"
      }
    }
  }
}
